
Microsoft Visual Studio Solution File, Format Version 12.00
# Blend for Visual Studio Version 17
VisualStudioVersion = 17.5.33627.172
MinimumVisualStudioVersion = 10.0.40219.1
Project("{FAE04EC0-301F-11D3-BF4B-00C04F79EFBC}") = "FiveMServerCreator", "FiveMServerCreator\FiveMServerCreator.csproj", "{FE120D2D-7D15-423F-9A26-54DCA541BB70}"
EndProject
Global
	GlobalSection(SolutionConfigurationPlatforms) = preSolution
		Debug|Any CPU = Debug|Any CPU
		Release|Any CPU = Release|Any CPU
	EndGlobalSection
	GlobalSection(ProjectConfigurationPlatforms) = postSolution
		{FE120D2D-7D15-423F-9A26-54DCA541BB70}.Debug|Any CPU.ActiveCfg = Debug|Any CPU
		{FE120D2D-7D15-423F-9A26-54DCA541BB70}.Debug|Any CPU.Build.0 = Debug|Any CPU
		{FE120D2D-7D15-423F-9A26-54DCA541BB70}.Release|Any CPU.ActiveCfg = Release|Any CPU
		{FE120D2D-7D15-423F-9A26-54DCA541BB70}.Release|Any CPU.Build.0 = Release|Any CPU
	EndGlobalSection
	GlobalSection(SolutionProperties) = preSolution
		HideSolutionNode = FALSE
	EndGlobalSection
	GlobalSection(ExtensibilityGlobals) = postSolution
		SolutionGuid = {03A5B128-4F83-4FD6-BB8A-02B6A3C6D6B6}
	EndGlobalSection
EndGlobal
